
Microsoft Visual Studio Solution File, Format Version 12.00
# Visual Studio Version 17
VisualStudioVersion = 17.14.36717.8
MinimumVisualStudioVersion = 10.0.40219.1
Project("{FAE04EC0-301F-11D3-BF4B-00C04F79EFBC}") = "Lab5-6", "Lab5-6\Lab5-6.csproj", "{FD988F34-57CC-4F83-A349-C650F50564F5}"
EndProject
Project("{FAE04EC0-301F-11D3-BF4B-00C04F79EFBC}") = "Library", "Library\Library.csproj", "{5B13DA48-6D1B-4C3A-AF27-6BCFD45F2B91}"
EndProject
Project("{FAE04EC0-301F-11D3-BF4B-00C04F79EFBC}") = "StringWork", "StringWork\StringWork.csproj", "{0E6290DB-7BD9-4F8C-A889-0AA24807BBAF}"
EndProject
Global
	GlobalSection(SolutionConfigurationPlatforms) = preSolution
		Debug|Any CPU = Debug|Any CPU
		Release|Any CPU = Release|Any CPU
	EndGlobalSection
	GlobalSection(ProjectConfigurationPlatforms) = postSolution
		{FD988F34-57CC-4F83-A349-C650F50564F5}.Debug|Any CPU.ActiveCfg = Debug|Any CPU
		{FD988F34-57CC-4F83-A349-C650F50564F5}.Debug|Any CPU.Build.0 = Debug|Any CPU
		{FD988F34-57CC-4F83-A349-C650F50564F5}.Release|Any CPU.ActiveCfg = Release|Any CPU
		{FD988F34-57CC-4F83-A349-C650F50564F5}.Release|Any CPU.Build.0 = Release|Any CPU
		{5B13DA48-6D1B-4C3A-AF27-6BCFD45F2B91}.Debug|Any CPU.ActiveCfg = Debug|Any CPU
		{5B13DA48-6D1B-4C3A-AF27-6BCFD45F2B91}.Debug|Any CPU.Build.0 = Debug|Any CPU
		{5B13DA48-6D1B-4C3A-AF27-6BCFD45F2B91}.Release|Any CPU.ActiveCfg = Release|Any CPU
		{5B13DA48-6D1B-4C3A-AF27-6BCFD45F2B91}.Release|Any CPU.Build.0 = Release|Any CPU
		{0E6290DB-7BD9-4F8C-A889-0AA24807BBAF}.Debug|Any CPU.ActiveCfg = Debug|Any CPU
		{0E6290DB-7BD9-4F8C-A889-0AA24807BBAF}.Debug|Any CPU.Build.0 = Debug|Any CPU
		{0E6290DB-7BD9-4F8C-A889-0AA24807BBAF}.Release|Any CPU.ActiveCfg = Release|Any CPU
		{0E6290DB-7BD9-4F8C-A889-0AA24807BBAF}.Release|Any CPU.Build.0 = Release|Any CPU
	EndGlobalSection
	GlobalSection(SolutionProperties) = preSolution
		HideSolutionNode = FALSE
	EndGlobalSection
	GlobalSection(ExtensibilityGlobals) = postSolution
		SolutionGuid = {7F6BC777-8AA9-49C8-8CDA-B2F042932484}
	EndGlobalSection
EndGlobal
